<?xml version="1.0" encoding="UTF-8"?>
<CONFIG>
  <ProjectOptions>
    <Version Value="12"/>
    <General>
      <Flags>
        <CompatibilityMode Value="True"/>
      </Flags>
      <SessionStorage Value="InProjectDir"/>
      <Title Value="Proto to Pas"/>
      <Scaled Value="True"/>
      <ResourceType Value="res"/>
      <UseXPManifest Value="True"/>
      <XPManifest>
        <DpiAware Value="True"/>
      </XPManifest>
      <Icon Value="0"/>
    </General>
    <VersionInfo>
      <UseVersionInfo Value="True"/>
      <MajorVersionNr Value="3"/>
      <RevisionNr Value="4"/>
      <BuildNr Value="17"/>
      <Language Value="0419"/>
    </VersionInfo>
    <BuildModes Count="1">
      <Item1 Name="Default" Default="True"/>
    </BuildModes>
    <PublishOptions>
      <Version Value="2"/>
      <UseFileFilters Value="True"/>
    </PublishOptions>
    <RunParams>
      <FormatVersion Value="2"/>
    </RunParams>
    <RequiredPackages Count="4">
      <Item1>
        <PackageName Value="protobuf"/>
      </Item1>
      <Item2>
        <PackageName Value="rxnew"/>
      </Item2>
      <Item3>
        <PackageName Value="SynEdit"/>
      </Item3>
      <Item4>
        <PackageName Value="LCL"/>
      </Item4>
    </RequiredPackages>
    <Units Count="7">
      <Unit0>
        <Filename Value="ppGui.lpr"/>
        <IsPartOfProject Value="True"/>
      </Unit0>
      <Unit1>
        <Filename Value="ppmainunit.pas"/>
        <IsPartOfProject Value="True"/>
        <ComponentName Value="ProtoParserForm"/>
        <HasResources Value="True"/>
        <ResourceBaseClass Value="Form"/>
        <UnitName Value="ppMainUnit"/>
      </Unit1>
      <Unit2>
        <Filename Value="protoparser.pas"/>
        <IsPartOfProject Value="True"/>
        <UnitName Value="ProtoParser"/>
      </Unit2>
      <Unit3>
        <Filename Value="protoobjects.pas"/>
        <IsPartOfProject Value="True"/>
        <UnitName Value="ProtoObjects"/>
      </Unit3>
      <Unit4>
        <Filename Value="enumobject.pas"/>
        <IsPartOfProject Value="True"/>
        <UnitName Value="EnumObject"/>
      </Unit4>
      <Unit5>
        <Filename Value="controlobjects.pas"/>
        <IsPartOfProject Value="True"/>
        <UnitName Value="ControlObjects"/>
      </Unit5>
      <Unit6>
        <Filename Value="pascodegen.pas"/>
        <IsPartOfProject Value="True"/>
        <UnitName Value="PasCodegen"/>
      </Unit6>
    </Units>
  </ProjectOptions>
  <CompilerOptions>
    <Version Value="11"/>
    <Target>
      <Filename Value="ppGui"/>
    </Target>
    <SearchPaths>
      <IncludeFiles Value="$(ProjOutDir)"/>
      <UnitOutputDirectory Value="lib/$(TargetCPU)-$(TargetOS)"/>
    </SearchPaths>
    <Linking>
      <Debugging>
        <DebugInfoType Value="dsDwarf3"/>
      </Debugging>
      <Options>
        <Win32>
          <GraphicApplication Value="True"/>
        </Win32>
      </Options>
    </Linking>
  </CompilerOptions>
  <Debugging>
    <Exceptions Count="3">
      <Item1>
        <Name Value="EAbort"/>
      </Item1>
      <Item2>
        <Name Value="ECodetoolError"/>
      </Item2>
      <Item3>
        <Name Value="EFOpenError"/>
      </Item3>
    </Exceptions>
  </Debugging>
</CONFIG>
